
Microsoft Visual Studio Solution File, Format Version 12.00
# Visual Studio Version 16
VisualStudioVersion = 16.0.29306.81
MinimumVisualStudioVersion = 10.0.40219.1
Project("{FAE04EC0-301F-11D3-BF4B-00C04F79EFBC}") = "silu", "silu.csproj", "{E7BBB076-16B6-4CD1-9ED8-0564F9E6618D}"
EndProject
Global
	GlobalSection(SolutionConfigurationPlatforms) = preSolution
		Debug|Any CPU = Debug|Any CPU
		Release|Any CPU = Release|Any CPU
	EndGlobalSection
	GlobalSection(ProjectConfigurationPlatforms) = postSolution
		{E7BBB076-16B6-4CD1-9ED8-0564F9E6618D}.Debug|Any CPU.ActiveCfg = Debug|Any CPU
		{E7BBB076-16B6-4CD1-9ED8-0564F9E6618D}.Debug|Any CPU.Build.0 = Debug|Any CPU
		{E7BBB076-16B6-4CD1-9ED8-0564F9E6618D}.Release|Any CPU.ActiveCfg = Release|Any CPU
		{E7BBB076-16B6-4CD1-9ED8-0564F9E6618D}.Release|Any CPU.Build.0 = Release|Any CPU
	EndGlobalSection
	GlobalSection(SolutionProperties) = preSolution
		HideSolutionNode = FALSE
	EndGlobalSection
	GlobalSection(ExtensibilityGlobals) = postSolution
		SolutionGuid = {9696D3E3-AA01-443F-8613-4EB74D71D314}
	EndGlobalSection
EndGlobal
