
Microsoft Visual Studio Solution File, Format Version 12.00
# Visual Studio Version 16
VisualStudioVersion = 16.0.30517.126
MinimumVisualStudioVersion = 10.0.40219.1
Project("{FAE04EC0-301F-11D3-BF4B-00C04F79EFBC}") = "Practice_3", "Practice_3.csproj", "{C15D4747-45C6-4FF2-9BC9-DCCE0A48BF3C}"
EndProject
Global
	GlobalSection(SolutionConfigurationPlatforms) = preSolution
		Debug|Any CPU = Debug|Any CPU
		Release|Any CPU = Release|Any CPU
	EndGlobalSection
	GlobalSection(ProjectConfigurationPlatforms) = postSolution
		{C15D4747-45C6-4FF2-9BC9-DCCE0A48BF3C}.Debug|Any CPU.ActiveCfg = Debug|Any CPU
		{C15D4747-45C6-4FF2-9BC9-DCCE0A48BF3C}.Debug|Any CPU.Build.0 = Debug|Any CPU
		{C15D4747-45C6-4FF2-9BC9-DCCE0A48BF3C}.Release|Any CPU.ActiveCfg = Release|Any CPU
		{C15D4747-45C6-4FF2-9BC9-DCCE0A48BF3C}.Release|Any CPU.Build.0 = Release|Any CPU
	EndGlobalSection
	GlobalSection(SolutionProperties) = preSolution
		HideSolutionNode = FALSE
	EndGlobalSection
	GlobalSection(ExtensibilityGlobals) = postSolution
		SolutionGuid = {EA58C535-A614-43BB-9232-834CF368A336}
	EndGlobalSection
EndGlobal
